
Microsoft Visual Studio Solution File, Format Version 12.00
# Visual Studio Version 17
VisualStudioVersion = 17.13.35818.85
MinimumVisualStudioVersion = 10.0.40219.1
Project("{FAE04EC0-301F-11D3-BF4B-00C04F79EFBC}") = "Desafio.XmlProcessor", "Desafio.XmlProcessor\Desafio.XmlProcessor.csproj", "{154139E6-5ADA-482C-A92D-56C563CAABF2}"
EndProject
Global
	GlobalSection(SolutionConfigurationPlatforms) = preSolution
		Debug|Any CPU = Debug|Any CPU
		Release|Any CPU = Release|Any CPU
	EndGlobalSection
	GlobalSection(ProjectConfigurationPlatforms) = postSolution
		{154139E6-5ADA-482C-A92D-56C563CAABF2}.Debug|Any CPU.ActiveCfg = Debug|Any CPU
		{154139E6-5ADA-482C-A92D-56C563CAABF2}.Debug|Any CPU.Build.0 = Debug|Any CPU
		{154139E6-5ADA-482C-A92D-56C563CAABF2}.Release|Any CPU.ActiveCfg = Release|Any CPU
		{154139E6-5ADA-482C-A92D-56C563CAABF2}.Release|Any CPU.Build.0 = Release|Any CPU
	EndGlobalSection
	GlobalSection(SolutionProperties) = preSolution
		HideSolutionNode = FALSE
	EndGlobalSection
	GlobalSection(ExtensibilityGlobals) = postSolution
		SolutionGuid = {AF066021-BE67-4852-A3DC-19066B91B268}
	EndGlobalSection
EndGlobal
